
Microsoft Visual Studio Solution File, Format Version 12.00
# Visual Studio Version 17
VisualStudioVersion = 17.6.33717.318
MinimumVisualStudioVersion = 10.0.40219.1
Project("{FAE04EC0-301F-11D3-BF4B-00C04F79EFBC}") = "WebApplication1", "WebApplication1\WebApplication1.csproj", "{7822BD9B-2687-4F9F-8ADC-FB68192E9327}"
EndProject
Global
	GlobalSection(SolutionConfigurationPlatforms) = preSolution
		Debug|Any CPU = Debug|Any CPU
		Release|Any CPU = Release|Any CPU
	EndGlobalSection
	GlobalSection(ProjectConfigurationPlatforms) = postSolution
		{7822BD9B-2687-4F9F-8ADC-FB68192E9327}.Debug|Any CPU.ActiveCfg = Debug|Any CPU
		{7822BD9B-2687-4F9F-8ADC-FB68192E9327}.Debug|Any CPU.Build.0 = Debug|Any CPU
		{7822BD9B-2687-4F9F-8ADC-FB68192E9327}.Release|Any CPU.ActiveCfg = Release|Any CPU
		{7822BD9B-2687-4F9F-8ADC-FB68192E9327}.Release|Any CPU.Build.0 = Release|Any CPU
	EndGlobalSection
	GlobalSection(SolutionProperties) = preSolution
		HideSolutionNode = FALSE
	EndGlobalSection
	GlobalSection(ExtensibilityGlobals) = postSolution
		SolutionGuid = {07ACE995-081A-4BED-92A0-773368EC2661}
	EndGlobalSection
EndGlobal
